
Microsoft Visual Studio Solution File, Format Version 12.00
# Visual Studio Version 17
VisualStudioVersion = 17.1.32210.238
MinimumVisualStudioVersion = 10.0.40219.1
Project("{FAE04EC0-301F-11D3-BF4B-00C04F79EFBC}") = "Chapter_1_example_1", "WindowsFormsApp1\Chapter_1_example_1.csproj", "{19EFFBE3-C0A1-41EC-80AD-CAEF2E92C71F}"
EndProject
Project("{FAE04EC0-301F-11D3-BF4B-00C04F79EFBC}") = "Chapter_1_example_2", "Chapter_1_example_2\Chapter_1_example_2.csproj", "{BD3059CF-E9DF-41E3-B608-2E9DB65F1F1C}"
EndProject
Project("{FAE04EC0-301F-11D3-BF4B-00C04F79EFBC}") = "Chapter_1_example_3", "Chapter_1_Examle_3\Chapter_1_example_3.csproj", "{BB30175A-44A4-412C-96FA-E7A9E668D8D9}"
EndProject
Global
	GlobalSection(SolutionConfigurationPlatforms) = preSolution
		Debug|Any CPU = Debug|Any CPU
		Release|Any CPU = Release|Any CPU
	EndGlobalSection
	GlobalSection(ProjectConfigurationPlatforms) = postSolution
		{19EFFBE3-C0A1-41EC-80AD-CAEF2E92C71F}.Debug|Any CPU.ActiveCfg = Debug|Any CPU
		{19EFFBE3-C0A1-41EC-80AD-CAEF2E92C71F}.Debug|Any CPU.Build.0 = Debug|Any CPU
		{19EFFBE3-C0A1-41EC-80AD-CAEF2E92C71F}.Release|Any CPU.ActiveCfg = Release|Any CPU
		{19EFFBE3-C0A1-41EC-80AD-CAEF2E92C71F}.Release|Any CPU.Build.0 = Release|Any CPU
		{BD3059CF-E9DF-41E3-B608-2E9DB65F1F1C}.Debug|Any CPU.ActiveCfg = Debug|Any CPU
		{BD3059CF-E9DF-41E3-B608-2E9DB65F1F1C}.Debug|Any CPU.Build.0 = Debug|Any CPU
		{BD3059CF-E9DF-41E3-B608-2E9DB65F1F1C}.Release|Any CPU.ActiveCfg = Release|Any CPU
		{BD3059CF-E9DF-41E3-B608-2E9DB65F1F1C}.Release|Any CPU.Build.0 = Release|Any CPU
		{BB30175A-44A4-412C-96FA-E7A9E668D8D9}.Debug|Any CPU.ActiveCfg = Debug|Any CPU
		{BB30175A-44A4-412C-96FA-E7A9E668D8D9}.Debug|Any CPU.Build.0 = Debug|Any CPU
		{BB30175A-44A4-412C-96FA-E7A9E668D8D9}.Release|Any CPU.ActiveCfg = Release|Any CPU
		{BB30175A-44A4-412C-96FA-E7A9E668D8D9}.Release|Any CPU.Build.0 = Release|Any CPU
	EndGlobalSection
	GlobalSection(SolutionProperties) = preSolution
		HideSolutionNode = FALSE
	EndGlobalSection
	GlobalSection(ExtensibilityGlobals) = postSolution
		SolutionGuid = {DB70831C-4B74-4D0E-AD5C-B64D1971E2AA}
	EndGlobalSection
EndGlobal
